
Microsoft Visual Studio Solution File, Format Version 12.00
# Visual Studio Version 17
VisualStudioVersion = 17.13.35919.96
MinimumVisualStudioVersion = 10.0.40219.1
Project("{FAE04EC0-301F-11D3-BF4B-00C04F79EFBC}") = "VagasApp", "VagasApp\VagasApp.csproj", "{247844D4-19C9-43E5-8F07-EFAE777F4148}"
EndProject
Project("{FAE04EC0-301F-11D3-BF4B-00C04F79EFBC}") = "Realocations.Api", "Realocations.Api\Realocations.Api.csproj", "{9CB29752-A976-B553-B02D-8A4460052C77}"
EndProject
Global
	GlobalSection(SolutionConfigurationPlatforms) = preSolution
		Debug|Any CPU = Debug|Any CPU
		Release|Any CPU = Release|Any CPU
	EndGlobalSection
	GlobalSection(ProjectConfigurationPlatforms) = postSolution
		{247844D4-19C9-43E5-8F07-EFAE777F4148}.Debug|Any CPU.ActiveCfg = Debug|Any CPU
		{247844D4-19C9-43E5-8F07-EFAE777F4148}.Debug|Any CPU.Build.0 = Debug|Any CPU
		{247844D4-19C9-43E5-8F07-EFAE777F4148}.Release|Any CPU.ActiveCfg = Release|Any CPU
		{247844D4-19C9-43E5-8F07-EFAE777F4148}.Release|Any CPU.Build.0 = Release|Any CPU
		{9CB29752-A976-B553-B02D-8A4460052C77}.Debug|Any CPU.ActiveCfg = Debug|Any CPU
		{9CB29752-A976-B553-B02D-8A4460052C77}.Debug|Any CPU.Build.0 = Debug|Any CPU
		{9CB29752-A976-B553-B02D-8A4460052C77}.Release|Any CPU.ActiveCfg = Release|Any CPU
		{9CB29752-A976-B553-B02D-8A4460052C77}.Release|Any CPU.Build.0 = Release|Any CPU
	EndGlobalSection
	GlobalSection(SolutionProperties) = preSolution
		HideSolutionNode = FALSE
	EndGlobalSection
	GlobalSection(ExtensibilityGlobals) = postSolution
		SolutionGuid = {FF4F5EF9-8B4C-4323-A872-9469D82373D0}
	EndGlobalSection
EndGlobal
